// !$*UTF8*$!
{
	archiveVersion = 1;
	classes = {
	};
	objectVersion = 56;
	objects = {

/* Begin PBXBuildFile section */
		521D37F52A19DCCB00B8104A /* AppDelegate.swift in Sources */ = {isa = PBXBuildFile; fileRef = 521D37F42A19DCCB00B8104A /* AppDelegate.swift */; };
		521D37F72A19DCCB00B8104A /* SceneDelegate.swift in Sources */ = {isa = PBXBuildFile; fileRef = 521D37F62A19DCCB00B8104A /* SceneDelegate.swift */; };
		521D37F92A19DCCB00B8104A /* QuestionViewController.swift in Sources */ = {isa = PBXBuildFile; fileRef = 521D37F82A19DCCB00B8104A /* QuestionViewController.swift */; };
		521D37FC2A19DCCB00B8104A /* Main.storyboard in Resources */ = {isa = PBXBuildFile; fileRef = 521D37FA2A19DCCB00B8104A /* Main.storyboard */; };
		521D37FE2A19DCCC00B8104A /* Assets.xcassets in Resources */ = {isa = PBXBuildFile; fileRef = 521D37FD2A19DCCC00B8104A /* Assets.xcassets */; };
		521D38012A19DCCC00B8104A /* LaunchScreen.storyboard in Resources */ = {isa = PBXBuildFile; fileRef = 521D37FF2A19DCCC00B8104A /* LaunchScreen.storyboard */; };
		521D380E2A1A0A7900B8104A /* Question.swift in Sources */ = {isa = PBXBuildFile; fileRef = 521D380D2A1A0A7900B8104A /* Question.swift */; };
		52C5B3992A2479A7007C594E /* ResultViewController.swift in Sources */ = {isa = PBXBuildFile; fileRef = 52C5B3982A2479A7007C594E /* ResultViewController.swift */; };
/* End PBXBuildFile section */

/* Begin PBXFileReference section */
		521D37F12A19DCCB00B8104A /* DoPersonaQuiz.app */ = {isa = PBXFileReference; explicitFileType = wrapper.application; includeInIndex = 0; path = DoPersonaQuiz.app; sourceTree = BUILT_PRODUCTS_DIR; };
		521D37F42A19DCCB00B8104A /* AppDelegate.swift */ = {isa = PBXFileReference; lastKnownFileType = sourcecode.swift; path = AppDelegate.swift; sourceTree = "<group>"; };
		521D37F62A19DCCB00B8104A /* SceneDelegate.swift */ = {isa = PBXFileReference; lastKnownFileType = sourcecode.swift; path = SceneDelegate.swift; sourceTree = "<group>"; };
		521D37F82A19DCCB00B8104A /* QuestionViewController.swift */ = {isa = PBXFileReference; lastKnownFileType = sourcecode.swift; path = QuestionViewController.swift; sourceTree = "<group>"; };
		521D37FB2A19DCCB00B8104A /* Base */ = {isa = PBXFileReference; lastKnownFileType = file.storyboard; name = Base; path = Base.lproj/Main.storyboard; sourceTree = "<group>"; };
		521D37FD2A19DCCC00B8104A /* Assets.xcassets */ = {isa = PBXFileReference; lastKnownFileType = folder.assetcatalog; path = Assets.xcassets; sourceTree = "<group>"; };
		521D38002A19DCCC00B8104A /* Base */ = {isa = PBXFileReference; lastKnownFileType = file.storyboard; name = Base; path = Base.lproj/LaunchScreen.storyboard; sourceTree = "<group>"; };
		521D38022A19DCCC00B8104A /* Info.plist */ = {isa = PBXFileReference; lastKnownFileType = text.plist.xml; path = Info.plist; sourceTree = "<group>"; };
		521D380D2A1A0A7900B8104A /* Question.swift */ = {isa = PBXFileReference; lastKnownFileType = sourcecode.swift; path = Question.swift; sourceTree = "<group>"; };
		52C5B3982A2479A7007C594E /* ResultViewController.swift */ = {isa = PBXFileReference; lastKnownFileType = sourcecode.swift; path = ResultViewController.swift; sourceTree = "<group>"; };
/* End PBXFileReference section */

/* Begin PBXFrameworksBuildPhase section */
		521D37EE2A19DCCB00B8104A /* Frameworks */ = {
			isa = PBXFrameworksBuildPhase;
			buildActionMask = 2147483647;
			files = (
			);
			runOnlyForDeploymentPostprocessing = 0;
		};
/* End PBXFrameworksBuildPhase section */

/* Begin PBXGroup section */
		521D37E82A19DCCB00B8104A = {
			isa = PBXGroup;
			children = (
				521D37F32A19DCCB00B8104A /* DoPersonaQuiz */,
				521D37F22A19DCCB00B8104A /* Products */,
			);
			sourceTree = "<group>";
		};
		521D37F22A19DCCB00B8104A /* Products */ = {
			isa = PBXGroup;
			children = (
				521D37F12A19DCCB00B8104A /* DoPersonaQuiz.app */,
			);
			name = Products;
			sourceTree = "<group>";
		};
		521D37F32A19DCCB00B8104A /* DoPersonaQuiz */ = {
			isa = PBXGroup;
			children = (
				521D380A2A1A06E300B8104A /* ViewControllers */,
				521D380C2A1A07AD00B8104A /* Model */,
				521D38092A1A062300B8104A /* Storyboards */,
				521D38082A1A05E300B8104A /* App */,
				521D37FD2A19DCCC00B8104A /* Assets.xcassets */,
			);
			path = DoPersonaQuiz;
			sourceTree = "<group>";
		};
		521D38082A1A05E300B8104A /* App */ = {
			isa = PBXGroup;
			children = (
				521D37F42A19DCCB00B8104A /* AppDelegate.swift */,
				521D37F62A19DCCB00B8104A /* SceneDelegate.swift */,
				521D38022A19DCCC00B8104A /* Info.plist */,
			);
			path = App;
			sourceTree = "<group>";
		};
		521D38092A1A062300B8104A /* Storyboards */ = {
			isa = PBXGroup;
			children = (
				521D37FA2A19DCCB00B8104A /* Main.storyboard */,
				521D37FF2A19DCCC00B8104A /* LaunchScreen.storyboard */,
			);
			path = Storyboards;
			sourceTree = "<group>";
		};
		521D380A2A1A06E300B8104A /* ViewControllers */ = {
			isa = PBXGroup;
			children = (
				521D37F82A19DCCB00B8104A /* QuestionViewController.swift */,
				52C5B3982A2479A7007C594E /* ResultViewController.swift */,
			);
			path = ViewControllers;
			sourceTree = "<group>";
		};
		521D380C2A1A07AD00B8104A /* Model */ = {
			isa = PBXGroup;
			children = (
				521D380D2A1A0A7900B8104A /* Question.swift */,
			);
			path = Model;
			sourceTree = "<group>";
		};
/* End PBXGroup section */

/* Begin PBXNativeTarget section */
		521D37F02A19DCCB00B8104A /* DoPersonaQuiz */ = {
			isa = PBXNativeTarget;
			buildConfigurationList = 521D38052A19DCCC00B8104A /* Build configuration list for PBXNativeTarget "DoPersonaQuiz" */;
			buildPhases = (
				521D37ED2A19DCCB00B8104A /* Sources */,
				521D37EE2A19DCCB00B8104A /* Frameworks */,
				521D37EF2A19DCCB00B8104A /* Resources */,
			);
			buildRules = (
			);
			dependencies = (
			);
			name = DoPersonaQuiz;
			productName = DoPersonaQuiz;
			productReference = 521D37F12A19DCCB00B8104A /* DoPersonaQuiz.app */;
			productType = "com.apple.product-type.application";
		};
/* End PBXNativeTarget section */

/* Begin PBXProject section */
		521D37E92A19DCCB00B8104A /* Project object */ = {
			isa = PBXProject;
			attributes = {
				BuildIndependentTargetsInParallel = 1;
				LastSwiftUpdateCheck = 1420;
				LastUpgradeCheck = 1420;
				TargetAttributes = {
					521D37F02A19DCCB00B8104A = {
						CreatedOnToolsVersion = 14.2;
					};
				};
			};
			buildConfigurationList = 521D37EC2A19DCCB00B8104A /* Build configuration list for PBXProject "DoPersonaQuiz" */;
			compatibilityVersion = "Xcode 14.0";
			developmentRegion = en;
			hasScannedForEncodings = 0;
			knownRegions = (
				en,
				Base,
			);
			mainGroup = 521D37E82A19DCCB00B8104A;
			productRefGroup = 521D37F22A19DCCB00B8104A /* Products */;
			projectDirPath = "";
			projectRoot = "";
			targets = (
				521D37F02A19DCCB00B8104A /* DoPersonaQuiz */,
			);
		};
/* End PBXProject section */

/* Begin PBXResourcesBuildPhase section */
		521D37EF2A19DCCB00B8104A /* Resources */ = {
			isa = PBXResourcesBuildPhase;
			buildActionMask = 2147483647;
			files = (
				521D38012A19DCCC00B8104A /* LaunchScreen.storyboard in Resources */,
				521D37FE2A19DCCC00B8104A /* Assets.xcassets in Resources */,
				521D37FC2A19DCCB00B8104A /* Main.storyboard in Resources */,
			);
			runOnlyForDeploymentPostprocessing = 0;
		};
/* End PBXResourcesBuildPhase section */

/* Begin PBXSourcesBuildPhase section */
		521D37ED2A19DCCB00B8104A /* Sources */ = {
			isa = PBXSourcesBuildPhase;
			buildActionMask = 2147483647;
			files = (
				52C5B3992A2479A7007C594E /* ResultViewController.swift in Sources */,
				521D37F92A19DCCB00B8104A /* QuestionViewController.swift in Sources */,
				521D380E2A1A0A7900B8104A /* Question.swift in Sources */,
				521D37F52A19DCCB00B8104A /* AppDelegate.swift in Sources */,
				521D37F72A19DCCB00B8104A /* SceneDelegate.swift in Sources */,
			);
			runOnlyForDeploymentPostprocessing = 0;
		};
/* End PBXSourcesBuildPhase section */

/* Begin PBXVariantGroup section */
		521D37FA2A19DCCB00B8104A /* Main.storyboard */ = {
			isa = PBXVariantGroup;
			children = (
				521D37FB2A19DCCB00B8104A /* Base */,
			);
			name = Main.storyboard;
			sourceTree = "<group>";
		};
		521D37FF2A19DCCC00B8104A /* LaunchScreen.storyboard */ = {
			isa = PBXVariantGroup;
			children = (
				521D38002A19DCCC00B8104A /* Base */,
			);
			name = LaunchScreen.storyboard;
			sourceTree = "<group>";
		};
/* End PBXVariantGroup section */

/* Begin XCBuildConfiguration section */
		521D38032A19DCCC00B8104A /* Debug */ = {
			isa = XCBuildConfiguration;
			buildSettings = {
				ALWAYS_SEARCH_USER_PATHS = NO;
				CLANG_ANALYZER_NONNULL = YES;
				CLANG_ANALYZER_NUMBER_OBJECT_CONVERSION = YES_AGGRESSIVE;
				CLANG_CXX_LANGUAGE_STANDARD = "gnu++20";
				CLANG_ENABLE_MODULES = YES;
				CLANG_ENABLE_OBJC_ARC = YES;
				CLANG_ENABLE_OBJC_WEAK = YES;
				CLANG_WARN_BLOCK_CAPTURE_AUTORELEASING = YES;
				CLANG_WARN_BOOL_CONVERSION = YES;
				CLANG_WARN_COMMA = YES;
				CLANG_WARN_CONSTANT_CONVERSION = YES;
				CLANG_WARN_DEPRECATED_OBJC_IMPLEMENTATIONS = YES;
				CLANG_WARN_DIRECT_OBJC_ISA_USAGE = YES_ERROR;
				CLANG_WARN_DOCUMENTATION_COMMENTS = YES;
				CLANG_WARN_EMPTY_BODY = YES;
				CLANG_WARN_ENUM_CONVERSION = YES;
				CLANG_WARN_INFINITE_RECURSION = YES;
				CLANG_WARN_INT_CONVERSION = YES;
				CLANG_WARN_NON_LITERAL_NULL_CONVERSION = YES;
				CLANG_WARN_OBJC_IMPLICIT_RETAIN_SELF = YES;
				CLANG_WARN_OBJC_LITERAL_CONVERSION = YES;
				CLANG_WARN_OBJC_ROOT_CLASS = YES_ERROR;
				CLANG_WARN_QUOTED_INCLUDE_IN_FRAMEWORK_HEADER = YES;
				CLANG_WARN_RANGE_LOOP_ANALYSIS = YES;
				CLANG_WARN_STRICT_PROTOTYPES = YES;
				CLANG_WARN_SUSPICIOUS_MOVE = YES;
				CLANG_WARN_UNGUARDED_AVAILABILITY = YES_AGGRESSIVE;
				CLANG_WARN_UNREACHABLE_CODE = YES;
				CLANG_WARN__DUPLICATE_METHOD_MATCH = YES;
				COPY_PHASE_STRIP = NO;
				DEBUG_INFORMATION_FORMAT = dwarf;
				ENABLE_STRICT_OBJC_MSGSEND = YES;
				ENABLE_TESTABILITY = YES;
				GCC_C_LANGUAGE_STANDARD = gnu11;
				GCC_DYNAMIC_NO_PIC = NO;
				GCC_NO_COMMON_BLOCKS = YES;
				GCC_OPTIMIZATION_LEVEL = 0;
				GCC_PREPROCESSOR_DEFINITIONS = (
					"DEBUG=1",
					"$(inherited)",
				);
				GCC_WARN_64_TO_32_BIT_CONVERSION = YES;
				GCC_WARN_ABOUT_RETURN_TYPE = YES_ERROR;
				GCC_WARN_UNDECLARED_SELECTOR = YES;
				GCC_WARN_UNINITIALIZED_AUTOS = YES_AGGRESSIVE;
				GCC_WARN_UNUSED_FUNCTION = YES;
				GCC_WARN_UNUSED_VARIABLE = YES;
				IPHONEOS_DEPLOYMENT_TARGET = 16.2;
				MTL_ENABLE_DEBUG_INFO = INCLUDE_SOURCE;
				MTL_FAST_MATH = YES;
				ONLY_ACTIVE_ARCH = YES;
				SDKROOT = iphoneos;
				SWIFT_ACTIVE_COMPILATION_CONDITIONS = DEBUG;
				SWIFT_OPTIMIZATION_LEVEL = "-Onone";
			};
			name = Debug;
		};
		521D38042A19DCCC00B8104A /* Release */ = {
			isa = XCBuildConfiguration;
			buildSettings = {
				ALWAYS_SEARCH_USER_PATHS = NO;
				CLANG_ANALYZER_NONNULL = YES;
				CLANG_ANALYZER_NUMBER_OBJECT_CONVERSION = YES_AGGRESSIVE;
				CLANG_CXX_LANGUAGE_STANDARD = "gnu++20";
				CLANG_ENABLE_MODULES = YES;
				CLANG_ENABLE_OBJC_ARC = YES;
				CLANG_ENABLE_OBJC_WEAK = YES;
				CLANG_WARN_BLOCK_CAPTURE_AUTORELEASING = YES;
				CLANG_WARN_BOOL_CONVERSION = YES;
				CLANG_WARN_COMMA = YES;
				CLANG_WARN_CONSTANT_CONVERSION = YES;
				CLANG_WARN_DEPRECATED_OBJC_IMPLEMENTATIONS = YES;
				CLANG_WARN_DIRECT_OBJC_ISA_USAGE = YES_ERROR;
				CLANG_WARN_DOCUMENTATION_COMMENTS = YES;
				CLANG_WARN_EMPTY_BODY = YES;
				CLANG_WARN_ENUM_CONVERSION = YES;
				CLANG_WARN_INFINITE_RECURSION = YES;
				CLANG_WARN_INT_CONVERSION = YES;
				CLANG_WARN_NON_LITERAL_NULL_CONVERSION = YES;
				CLANG_WARN_OBJC_IMPLICIT_RETAIN_SELF = YES;
				CLANG_WARN_OBJC_LITERAL_CONVERSION = YES;
				CLANG_WARN_OBJC_ROOT_CLASS = YES_ERROR;
				CLANG_WARN_QUOTED_INCLUDE_IN_FRAMEWORK_HEADER = YES;
				CLANG_WARN_RANGE_LOOP_ANALYSIS = YES;
				CLANG_WARN_STRICT_PROTOTYPES = YES;
				CLANG_WARN_SUSPICIOUS_MOVE = YES;
				CLANG_WARN_UNGUARDED_AVAILABILITY = YES_AGGRESSIVE;
				CLANG_WARN_UNREACHABLE_CODE = YES;
				CLANG_WARN__DUPLICATE_METHOD_MATCH = YES;
				COPY_PHASE_STRIP = NO;
				DEBUG_INFORMATION_FORMAT = "dwarf-with-dsym";
				ENABLE_NS_ASSERTIONS = NO;
				ENABLE_STRICT_OBJC_MSGSEND = YES;
				GCC_C_LANGUAGE_STANDARD = gnu11;
				GCC_NO_COMMON_BLOCKS = YES;
				GCC_WARN_64_TO_32_BIT_CONVERSION = YES;
				GCC_WARN_ABOUT_RETURN_TYPE = YES_ERROR;
				GCC_WARN_UNDECLARED_SELECTOR = YES;
				GCC_WARN_UNINITIALIZED_AUTOS = YES_AGGRESSIVE;
				GCC_WARN_UNUSED_FUNCTION = YES;
				GCC_WARN_UNUSED_VARIABLE = YES;
				IPHONEOS_DEPLOYMENT_TARGET = 16.2;
				MTL_ENABLE_DEBUG_INFO = NO;
				MTL_FAST_MATH = YES;
				SDKROOT = iphoneos;
				SWIFT_COMPILATION_MODE = wholemodule;
				SWIFT_OPTIMIZATION_LEVEL = "-O";
				VALIDATE_PRODUCT = YES;
			};
			name = Release;
		};
		521D38062A19DCCC00B8104A /* Debug */ = {
			isa = XCBuildConfiguration;
			buildSettings = {
				ASSETCATALOG_COMPILER_APPICON_NAME = AppIcon;
				ASSETCATALOG_COMPILER_GLOBAL_ACCENT_COLOR_NAME = AccentColor;
				CODE_SIGN_STYLE = Automatic;
				CURRENT_PROJECT_VERSION = 1;
				DEVELOPMENT_TEAM = DVX26NT377;
				GENERATE_INFOPLIST_FILE = YES;
				INFOPLIST_FILE = DoPersonaQuiz/App/Info.plist;
				INFOPLIST_KEY_UIApplicationSupportsIndirectInputEvents = YES;
				INFOPLIST_KEY_UILaunchStoryboardName = LaunchScreen;
				INFOPLIST_KEY_UIMainStoryboardFile = Main;
				INFOPLIST_KEY_UISupportedInterfaceOrientations_iPad = "UIInterfaceOrientationPortrait UIInterfaceOrientationPortraitUpsideDown UIInterfaceOrientationLandscapeLeft UIInterfaceOrientationLandscapeRight";
				INFOPLIST_KEY_UISupportedInterfaceOrientations_iPhone = "UIInterfaceOrientationPortrait UIInterfaceOrientationLandscapeLeft UIInterfaceOrientationLandscapeRight";
				LD_RUNPATH_SEARCH_PATHS = (
					"$(inherited)",
					"@executable_path/Frameworks",
				);
				MARKETING_VERSION = 1.0;
				PRODUCT_BUNDLE_IDENTIFIER = ru.icodelessons.DoPersonaQuiz;
				PRODUCT_NAME = "$(TARGET_NAME)";
				SUPPORTED_PLATFORMS = "iphoneos iphonesimulator";
				SUPPORTS_MACCATALYST = NO;
				SUPPORTS_MAC_DESIGNED_FOR_IPHONE_IPAD = NO;
				SWIFT_EMIT_LOC_STRINGS = YES;
				SWIFT_VERSION = 5.0;
				TARGETED_DEVICE_FAMILY = 1;
			};
			name = Debug;
		};
		521D38072A19DCCC00B8104A /* Release */ = {
			isa = XCBuildConfiguration;
			buildSettings = {
				ASSETCATALOG_COMPILER_APPICON_NAME = AppIcon;
				ASSETCATALOG_COMPILER_GLOBAL_ACCENT_COLOR_NAME = AccentColor;
				CODE_SIGN_STYLE = Automatic;
				CURRENT_PROJECT_VERSION = 1;
				DEVELOPMENT_TEAM = DVX26NT377;
				GENERATE_INFOPLIST_FILE = YES;
				INFOPLIST_FILE = DoPersonaQuiz/App/Info.plist;
				INFOPLIST_KEY_UIApplicationSupportsIndirectInputEvents = YES;
				INFOPLIST_KEY_UILaunchStoryboardName = LaunchScreen;
				INFOPLIST_KEY_UIMainStoryboardFile = Main;
				INFOPLIST_KEY_UISupportedInterfaceOrientations_iPad = "UIInterfaceOrientationPortrait UIInterfaceOrientationPortraitUpsideDown UIInterfaceOrientationLandscapeLeft UIInterfaceOrientationLandscapeRight";
				INFOPLIST_KEY_UISupportedInterfaceOrientations_iPhone = "UIInterfaceOrientationPortrait UIInterfaceOrientationLandscapeLeft UIInterfaceOrientationLandscapeRight";
				LD_RUNPATH_SEARCH_PATHS = (
					"$(inherited)",
					"@executable_path/Frameworks",
				);
				MARKETING_VERSION = 1.0;
				PRODUCT_BUNDLE_IDENTIFIER = ru.icodelessons.DoPersonaQuiz;
				PRODUCT_NAME = "$(TARGET_NAME)";
				SUPPORTED_PLATFORMS = "iphoneos iphonesimulator";
				SUPPORTS_MACCATALYST = NO;
				SUPPORTS_MAC_DESIGNED_FOR_IPHONE_IPAD = NO;
				SWIFT_EMIT_LOC_STRINGS = YES;
				SWIFT_VERSION = 5.0;
				TARGETED_DEVICE_FAMILY = 1;
			};
			name = Release;
		};
/* End XCBuildConfiguration section */

/* Begin XCConfigurationList section */
		521D37EC2A19DCCB00B8104A /* Build configuration list for PBXProject "DoPersonaQuiz" */ = {
			isa = XCConfigurationList;
			buildConfigurations = (
				521D38032A19DCCC00B8104A /* Debug */,
				521D38042A19DCCC00B8104A /* Release */,
			);
			defaultConfigurationIsVisible = 0;
			defaultConfigurationName = Release;
		};
		521D38052A19DCCC00B8104A /* Build configuration list for PBXNativeTarget "DoPersonaQuiz" */ = {
			isa = XCConfigurationList;
			buildConfigurations = (
				521D38062A19DCCC00B8104A /* Debug */,
				521D38072A19DCCC00B8104A /* Release */,
			);
			defaultConfigurationIsVisible = 0;
			defaultConfigurationName = Release;
		};
/* End XCConfigurationList section */
	};
	rootObject = 521D37E92A19DCCB00B8104A /* Project object */;
}
